
Microsoft Visual Studio Solution File, Format Version 12.00
# Visual Studio Version 17
VisualStudioVersion = 17.1.32421.90
MinimumVisualStudioVersion = 10.0.40219.1
Project("{9A19103F-16F7-4668-BE54-9A1E7A4F7556}") = "CAPA_DATOS", "CAPA_DATOS\CAPA_DATOS.csproj", "{F4F52511-834E-44FD-BB76-A0370717C3A2}"
EndProject
Project("{9A19103F-16F7-4668-BE54-9A1E7A4F7556}") = "CAPA_NEGOCIO", "CAPA_NEGOCIO\CAPA_NEGOCIO.csproj", "{74E7936B-C932-4C53-8929-DC096B2905A4}"
EndProject
Project("{9A19103F-16F7-4668-BE54-9A1E7A4F7556}") = "TiendaRopa", "TiendaRopa\TiendaRopa.csproj", "{5460C00E-398C-4CDE-AA6B-160715240B53}"
EndProject
Global
	GlobalSection(SolutionConfigurationPlatforms) = preSolution
		Debug|Any CPU = Debug|Any CPU
		Release|Any CPU = Release|Any CPU
	EndGlobalSection
	GlobalSection(ProjectConfigurationPlatforms) = postSolution
		{F4F52511-834E-44FD-BB76-A0370717C3A2}.Debug|Any CPU.ActiveCfg = Debug|Any CPU
		{F4F52511-834E-44FD-BB76-A0370717C3A2}.Debug|Any CPU.Build.0 = Debug|Any CPU
		{F4F52511-834E-44FD-BB76-A0370717C3A2}.Release|Any CPU.ActiveCfg = Release|Any CPU
		{F4F52511-834E-44FD-BB76-A0370717C3A2}.Release|Any CPU.Build.0 = Release|Any CPU
		{74E7936B-C932-4C53-8929-DC096B2905A4}.Debug|Any CPU.ActiveCfg = Debug|Any CPU
		{74E7936B-C932-4C53-8929-DC096B2905A4}.Debug|Any CPU.Build.0 = Debug|Any CPU
		{74E7936B-C932-4C53-8929-DC096B2905A4}.Release|Any CPU.ActiveCfg = Release|Any CPU
		{74E7936B-C932-4C53-8929-DC096B2905A4}.Release|Any CPU.Build.0 = Release|Any CPU
		{5460C00E-398C-4CDE-AA6B-160715240B53}.Debug|Any CPU.ActiveCfg = Debug|Any CPU
		{5460C00E-398C-4CDE-AA6B-160715240B53}.Debug|Any CPU.Build.0 = Debug|Any CPU
		{5460C00E-398C-4CDE-AA6B-160715240B53}.Release|Any CPU.ActiveCfg = Release|Any CPU
		{5460C00E-398C-4CDE-AA6B-160715240B53}.Release|Any CPU.Build.0 = Release|Any CPU
	EndGlobalSection
	GlobalSection(SolutionProperties) = preSolution
		HideSolutionNode = FALSE
	EndGlobalSection
	GlobalSection(ExtensibilityGlobals) = postSolution
		SolutionGuid = {873D880A-D325-4376-98E7-45156C6B041C}
	EndGlobalSection
EndGlobal
