
Microsoft Visual Studio Solution File, Format Version 12.00
# Visual Studio Version 17
VisualStudioVersion = 17.1.32421.90
MinimumVisualStudioVersion = 10.0.40219.1
Project("{FAE04EC0-301F-11D3-BF4B-00C04F79EFBC}") = "Capa_presentacion", "Capa_presentacion\Capa_presentacion.csproj", "{94831E6F-CE0C-4351-AA5C-66961BDC1D55}"
EndProject
Project("{FAE04EC0-301F-11D3-BF4B-00C04F79EFBC}") = "Capa_Negocio", "Capa_Negocio\Capa_Negocio.csproj", "{C9F9EE25-08D3-43BC-8E31-78D4EB3400CF}"
EndProject
Project("{FAE04EC0-301F-11D3-BF4B-00C04F79EFBC}") = "Capa_Datos", "Capa_Datos\Capa_Datos.csproj", "{A5966C91-E4D7-41D6-9B64-3D33964EC58A}"
EndProject
Global
	GlobalSection(SolutionConfigurationPlatforms) = preSolution
		Debug|Any CPU = Debug|Any CPU
		Release|Any CPU = Release|Any CPU
	EndGlobalSection
	GlobalSection(ProjectConfigurationPlatforms) = postSolution
		{94831E6F-CE0C-4351-AA5C-66961BDC1D55}.Debug|Any CPU.ActiveCfg = Debug|Any CPU
		{94831E6F-CE0C-4351-AA5C-66961BDC1D55}.Debug|Any CPU.Build.0 = Debug|Any CPU
		{94831E6F-CE0C-4351-AA5C-66961BDC1D55}.Release|Any CPU.ActiveCfg = Release|Any CPU
		{94831E6F-CE0C-4351-AA5C-66961BDC1D55}.Release|Any CPU.Build.0 = Release|Any CPU
		{C9F9EE25-08D3-43BC-8E31-78D4EB3400CF}.Debug|Any CPU.ActiveCfg = Debug|Any CPU
		{C9F9EE25-08D3-43BC-8E31-78D4EB3400CF}.Debug|Any CPU.Build.0 = Debug|Any CPU
		{C9F9EE25-08D3-43BC-8E31-78D4EB3400CF}.Release|Any CPU.ActiveCfg = Release|Any CPU
		{C9F9EE25-08D3-43BC-8E31-78D4EB3400CF}.Release|Any CPU.Build.0 = Release|Any CPU
		{A5966C91-E4D7-41D6-9B64-3D33964EC58A}.Debug|Any CPU.ActiveCfg = Debug|Any CPU
		{A5966C91-E4D7-41D6-9B64-3D33964EC58A}.Debug|Any CPU.Build.0 = Debug|Any CPU
		{A5966C91-E4D7-41D6-9B64-3D33964EC58A}.Release|Any CPU.ActiveCfg = Release|Any CPU
		{A5966C91-E4D7-41D6-9B64-3D33964EC58A}.Release|Any CPU.Build.0 = Release|Any CPU
	EndGlobalSection
	GlobalSection(SolutionProperties) = preSolution
		HideSolutionNode = FALSE
	EndGlobalSection
	GlobalSection(ExtensibilityGlobals) = postSolution
		SolutionGuid = {70CAB62C-25B9-4EC6-BD37-A60E0A3CC739}
	EndGlobalSection
EndGlobal
